
Microsoft Visual Studio Solution File, Format Version 12.00
# Visual Studio 15
VisualStudioVersion = 15.0.27703.2018
MinimumVisualStudioVersion = 10.0.40219.1
Project("{FAE04EC0-301F-11D3-BF4B-00C04F79EFBC}") = "CS_course_page67", "CS_course_page67\CS_course_page67.csproj", "{ED15138F-8B53-4FA4-B668-417F29B9926B}"
EndProject
Global
	GlobalSection(SolutionConfigurationPlatforms) = preSolution
		Debug|Any CPU = Debug|Any CPU
		Release|Any CPU = Release|Any CPU
	EndGlobalSection
	GlobalSection(ProjectConfigurationPlatforms) = postSolution
		{ED15138F-8B53-4FA4-B668-417F29B9926B}.Debug|Any CPU.ActiveCfg = Debug|Any CPU
		{ED15138F-8B53-4FA4-B668-417F29B9926B}.Debug|Any CPU.Build.0 = Debug|Any CPU
		{ED15138F-8B53-4FA4-B668-417F29B9926B}.Release|Any CPU.ActiveCfg = Release|Any CPU
		{ED15138F-8B53-4FA4-B668-417F29B9926B}.Release|Any CPU.Build.0 = Release|Any CPU
	EndGlobalSection
	GlobalSection(SolutionProperties) = preSolution
		HideSolutionNode = FALSE
	EndGlobalSection
	GlobalSection(ExtensibilityGlobals) = postSolution
		SolutionGuid = {6DC245AD-64B5-4702-854F-96452AD1A52C}
	EndGlobalSection
EndGlobal
