
Microsoft Visual Studio Solution File, Format Version 12.00
# Visual Studio 15
VisualStudioVersion = 15.0.27703.2018
MinimumVisualStudioVersion = 10.0.40219.1
Project("{FAE04EC0-301F-11D3-BF4B-00C04F79EFBC}") = "CS_course_page85", "CS_course_page85\CS_course_page85.csproj", "{463A713A-F0B8-4412-B142-A6F5A231DEB6}"
EndProject
Global
	GlobalSection(SolutionConfigurationPlatforms) = preSolution
		Debug|Any CPU = Debug|Any CPU
		Release|Any CPU = Release|Any CPU
	EndGlobalSection
	GlobalSection(ProjectConfigurationPlatforms) = postSolution
		{463A713A-F0B8-4412-B142-A6F5A231DEB6}.Debug|Any CPU.ActiveCfg = Debug|Any CPU
		{463A713A-F0B8-4412-B142-A6F5A231DEB6}.Debug|Any CPU.Build.0 = Debug|Any CPU
		{463A713A-F0B8-4412-B142-A6F5A231DEB6}.Release|Any CPU.ActiveCfg = Release|Any CPU
		{463A713A-F0B8-4412-B142-A6F5A231DEB6}.Release|Any CPU.Build.0 = Release|Any CPU
	EndGlobalSection
	GlobalSection(SolutionProperties) = preSolution
		HideSolutionNode = FALSE
	EndGlobalSection
	GlobalSection(ExtensibilityGlobals) = postSolution
		SolutionGuid = {0503D714-0E55-4F8B-B905-18E5D2AB1EEE}
	EndGlobalSection
EndGlobal
