
Microsoft Visual Studio Solution File, Format Version 12.00
# Visual Studio 15
VisualStudioVersion = 15.0.27703.2018
MinimumVisualStudioVersion = 10.0.40219.1
Project("{FAE04EC0-301F-11D3-BF4B-00C04F79EFBC}") = "CS_course_page88", "CS_course_page88\CS_course_page88.csproj", "{51562BA2-DA29-4AC7-B543-7F4F6AD18467}"
EndProject
Global
	GlobalSection(SolutionConfigurationPlatforms) = preSolution
		Debug|Any CPU = Debug|Any CPU
		Release|Any CPU = Release|Any CPU
	EndGlobalSection
	GlobalSection(ProjectConfigurationPlatforms) = postSolution
		{51562BA2-DA29-4AC7-B543-7F4F6AD18467}.Debug|Any CPU.ActiveCfg = Debug|Any CPU
		{51562BA2-DA29-4AC7-B543-7F4F6AD18467}.Debug|Any CPU.Build.0 = Debug|Any CPU
		{51562BA2-DA29-4AC7-B543-7F4F6AD18467}.Release|Any CPU.ActiveCfg = Release|Any CPU
		{51562BA2-DA29-4AC7-B543-7F4F6AD18467}.Release|Any CPU.Build.0 = Release|Any CPU
	EndGlobalSection
	GlobalSection(SolutionProperties) = preSolution
		HideSolutionNode = FALSE
	EndGlobalSection
	GlobalSection(ExtensibilityGlobals) = postSolution
		SolutionGuid = {8883EFF0-4711-469B-8A17-0F3037F0423C}
	EndGlobalSection
EndGlobal
