
Microsoft Visual Studio Solution File, Format Version 12.00
# Visual Studio 15
VisualStudioVersion = 15.0.27703.2018
MinimumVisualStudioVersion = 10.0.40219.1
Project("{FAE04EC0-301F-11D3-BF4B-00C04F79EFBC}") = "CS_course_page36", "CS_course_page36\CS_course_page36.csproj", "{21DC6C5C-86F7-443D-B852-DD8E98899E1E}"
EndProject
Global
	GlobalSection(SolutionConfigurationPlatforms) = preSolution
		Debug|Any CPU = Debug|Any CPU
		Release|Any CPU = Release|Any CPU
	EndGlobalSection
	GlobalSection(ProjectConfigurationPlatforms) = postSolution
		{21DC6C5C-86F7-443D-B852-DD8E98899E1E}.Debug|Any CPU.ActiveCfg = Debug|Any CPU
		{21DC6C5C-86F7-443D-B852-DD8E98899E1E}.Debug|Any CPU.Build.0 = Debug|Any CPU
		{21DC6C5C-86F7-443D-B852-DD8E98899E1E}.Release|Any CPU.ActiveCfg = Release|Any CPU
		{21DC6C5C-86F7-443D-B852-DD8E98899E1E}.Release|Any CPU.Build.0 = Release|Any CPU
	EndGlobalSection
	GlobalSection(SolutionProperties) = preSolution
		HideSolutionNode = FALSE
	EndGlobalSection
	GlobalSection(ExtensibilityGlobals) = postSolution
		SolutionGuid = {DB80A62D-F7D1-4243-96C2-0B028D771DF4}
	EndGlobalSection
EndGlobal
