
Microsoft Visual Studio Solution File, Format Version 12.00
# Visual Studio 15
VisualStudioVersion = 15.0.27703.2018
MinimumVisualStudioVersion = 10.0.40219.1
Project("{FAE04EC0-301F-11D3-BF4B-00C04F79EFBC}") = "do_while_drill", "do_while_drill\do_while_drill.csproj", "{75F254FE-61D8-4F72-A509-77807C64F520}"
EndProject
Global
	GlobalSection(SolutionConfigurationPlatforms) = preSolution
		Debug|Any CPU = Debug|Any CPU
		Release|Any CPU = Release|Any CPU
	EndGlobalSection
	GlobalSection(ProjectConfigurationPlatforms) = postSolution
		{75F254FE-61D8-4F72-A509-77807C64F520}.Debug|Any CPU.ActiveCfg = Debug|Any CPU
		{75F254FE-61D8-4F72-A509-77807C64F520}.Debug|Any CPU.Build.0 = Debug|Any CPU
		{75F254FE-61D8-4F72-A509-77807C64F520}.Release|Any CPU.ActiveCfg = Release|Any CPU
		{75F254FE-61D8-4F72-A509-77807C64F520}.Release|Any CPU.Build.0 = Release|Any CPU
	EndGlobalSection
	GlobalSection(SolutionProperties) = preSolution
		HideSolutionNode = FALSE
	EndGlobalSection
	GlobalSection(ExtensibilityGlobals) = postSolution
		SolutionGuid = {814F95FB-12AC-486F-A0FD-A55A7C031BD0}
	EndGlobalSection
EndGlobal
